// !$*UTF8*$!
{
	archiveVersion = 1;
	classes = {
	};
	objectVersion = 50;
	objects = {

/* Begin PBXFileReference section */
		632E019A22A864BF0005177D /* Random.kt */ = {isa = PBXFileReference; lastKnownFileType = text; path = Random.kt; sourceTree = "<group>"; };
		632E019C22A864BF0005177D /* MPWorker.kt */ = {isa = PBXFileReference; lastKnownFileType = text; path = MPWorker.kt; sourceTree = "<group>"; };
		632E019D22A864BF0005177D /* currentTimeMillis.kt */ = {isa = PBXFileReference; lastKnownFileType = text; path = currentTimeMillis.kt; sourceTree = "<group>"; };
		632E01A422A864BF0005177D /* Lock.kt */ = {isa = PBXFileReference; lastKnownFileType = text; path = Lock.kt; sourceTree = "<group>"; };
		632E01AB22A864BF0005177D /* Lock.kt */ = {isa = PBXFileReference; lastKnownFileType = text; path = Lock.kt; sourceTree = "<group>"; };
		632E01B222A864BF0005177D /* sleep.kt */ = {isa = PBXFileReference; lastKnownFileType = text; path = sleep.kt; sourceTree = "<group>"; };
		632E01B822A864BF0005177D /* Helpers.kt */ = {isa = PBXFileReference; lastKnownFileType = text; path = Helpers.kt; sourceTree = "<group>"; };
		632E01BA22A864BF0005177D /* Annotations.kt */ = {isa = PBXFileReference; lastKnownFileType = text; path = Annotations.kt; sourceTree = "<group>"; };
		632E01BC22A864BF0005177D /* Lock.kt */ = {isa = PBXFileReference; lastKnownFileType = text; path = Lock.kt; sourceTree = "<group>"; };
		632E01BD22A864BF0005177D /* ThreadRef.kt */ = {isa = PBXFileReference; lastKnownFileType = text; path = ThreadRef.kt; sourceTree = "<group>"; };
		632E01BE22A864BF0005177D /* AtomicLong.kt */ = {isa = PBXFileReference; lastKnownFileType = text; path = AtomicLong.kt; sourceTree = "<group>"; };
		632E01BF22A864BF0005177D /* ThreadLocal.kt */ = {isa = PBXFileReference; lastKnownFileType = text; path = ThreadLocal.kt; sourceTree = "<group>"; };
		632E01C022A864BF0005177D /* AtomicInt.kt */ = {isa = PBXFileReference; lastKnownFileType = text; path = AtomicInt.kt; sourceTree = "<group>"; };
		632E01C122A864BF0005177D /* AtomicReference.kt */ = {isa = PBXFileReference; lastKnownFileType = text; path = AtomicReference.kt; sourceTree = "<group>"; };
		632E01C222A864BF0005177D /* AtomicBoolean.kt */ = {isa = PBXFileReference; lastKnownFileType = text; path = AtomicBoolean.kt; sourceTree = "<group>"; };
		632E01C422A864BF0005177D /* ObjectPool.kt */ = {isa = PBXFileReference; lastKnownFileType = text; path = ObjectPool.kt; sourceTree = "<group>"; };
		632E01C522A864BF0005177D /* SharedLruCache.kt */ = {isa = PBXFileReference; lastKnownFileType = text; path = SharedLruCache.kt; sourceTree = "<group>"; };
		632E01C622A864BF0005177D /* SharedLinkedList.kt */ = {isa = PBXFileReference; lastKnownFileType = text; path = SharedLinkedList.kt; sourceTree = "<group>"; };
		632E01C722A864BF0005177D /* SharedSet.kt */ = {isa = PBXFileReference; lastKnownFileType = text; path = SharedSet.kt; sourceTree = "<group>"; };
		632E01C822A864BF0005177D /* Functions.kt */ = {isa = PBXFileReference; lastKnownFileType = text; path = Functions.kt; sourceTree = "<group>"; };
		632E01C922A864BF0005177D /* SharedHashMap.kt */ = {isa = PBXFileReference; lastKnownFileType = text; path = SharedHashMap.kt; sourceTree = "<group>"; };
		632E01CF22A864BF0005177D /* Helpers.kt */ = {isa = PBXFileReference; lastKnownFileType = text; path = Helpers.kt; sourceTree = "<group>"; };
		632E01D122A864BF0005177D /* Annotations.kt */ = {isa = PBXFileReference; lastKnownFileType = text; path = Annotations.kt; sourceTree = "<group>"; };
		632E01D322A864BF0005177D /* QuickLock.kt */ = {isa = PBXFileReference; lastKnownFileType = text; path = QuickLock.kt; sourceTree = "<group>"; };
		632E01D422A864BF0005177D /* ThreadRef.kt */ = {isa = PBXFileReference; lastKnownFileType = text; path = ThreadRef.kt; sourceTree = "<group>"; };
		632E01D522A864BF0005177D /* AtomicLong.kt */ = {isa = PBXFileReference; lastKnownFileType = text; path = AtomicLong.kt; sourceTree = "<group>"; };
		632E01D622A864BF0005177D /* ThreadLocal.kt */ = {isa = PBXFileReference; lastKnownFileType = text; path = ThreadLocal.kt; sourceTree = "<group>"; };
		632E01D722A864BF0005177D /* AtomicInt.kt */ = {isa = PBXFileReference; lastKnownFileType = text; path = AtomicInt.kt; sourceTree = "<group>"; };
		632E01D822A864BF0005177D /* AtomicReference.kt */ = {isa = PBXFileReference; lastKnownFileType = text; path = AtomicReference.kt; sourceTree = "<group>"; };
		632E01DA22A864BF0005177D /* FastNativeLinkedList.kt */ = {isa = PBXFileReference; lastKnownFileType = text; path = FastNativeLinkedList.kt; sourceTree = "<group>"; };
		632E01DB22A864BF0005177D /* FastNativeHashMap.kt */ = {isa = PBXFileReference; lastKnownFileType = text; path = FastNativeHashMap.kt; sourceTree = "<group>"; };
		632E01DC22A864BF0005177D /* CopyOnWriteList.kt */ = {isa = PBXFileReference; lastKnownFileType = text; path = CopyOnWriteList.kt; sourceTree = "<group>"; };
		632E01DD22A864BF0005177D /* Functions.kt */ = {isa = PBXFileReference; lastKnownFileType = text; path = Functions.kt; sourceTree = "<group>"; };
		632E01DE22A864C00005177D /* CppInterface.kt */ = {isa = PBXFileReference; lastKnownFileType = text; path = CppInterface.kt; sourceTree = "<group>"; };
		632E01E522A864C00005177D /* Functions.kt */ = {isa = PBXFileReference; lastKnownFileType = text; path = Functions.kt; sourceTree = "<group>"; };
		632E01E722A864C00005177D /* AnnotationsTest.kt */ = {isa = PBXFileReference; lastKnownFileType = text; path = AnnotationsTest.kt; sourceTree = "<group>"; };
		632E01E922A864C00005177D /* Atomics.kt */ = {isa = PBXFileReference; lastKnownFileType = text; path = Atomics.kt; sourceTree = "<group>"; };
		632E01EA22A864C00005177D /* ThreadRefTest.kt */ = {isa = PBXFileReference; lastKnownFileType = text; path = ThreadRefTest.kt; sourceTree = "<group>"; };
		632E01EB22A864C00005177D /* Locks.kt */ = {isa = PBXFileReference; lastKnownFileType = text; path = Locks.kt; sourceTree = "<group>"; };
		632E01ED22A864C00005177D /* SharedHashMapTest.kt */ = {isa = PBXFileReference; lastKnownFileType = text; path = SharedHashMapTest.kt; sourceTree = "<group>"; };
		632E01EE22A864C00005177D /* ObjectPoolTest.kt */ = {isa = PBXFileReference; lastKnownFileType = text; path = ObjectPoolTest.kt; sourceTree = "<group>"; };
		632E01EF22A864C00005177D /* SharedLruCacheTest.kt */ = {isa = PBXFileReference; lastKnownFileType = text; path = SharedLruCacheTest.kt; sourceTree = "<group>"; };
		632E01F022A864C00005177D /* SharedSetTest.kt */ = {isa = PBXFileReference; lastKnownFileType = text; path = SharedSetTest.kt; sourceTree = "<group>"; };
		632E01F122A864C00005177D /* StableReadListTest.kt */ = {isa = PBXFileReference; lastKnownFileType = text; path = StableReadListTest.kt; sourceTree = "<group>"; };
		632E01F222A864C00005177D /* SharedLinkedListTest.kt */ = {isa = PBXFileReference; lastKnownFileType = text; path = SharedLinkedListTest.kt; sourceTree = "<group>"; };
		632E01F322A864C00005177D /* HelpersTest.kt */ = {isa = PBXFileReference; lastKnownFileType = text; path = HelpersTest.kt; sourceTree = "<group>"; };
		632E01F922A864C00005177D /* HelpersJVM.kt */ = {isa = PBXFileReference; lastKnownFileType = text; path = HelpersJVM.kt; sourceTree = "<group>"; };
		632E01FB22A864C00005177D /* Annotations.kt */ = {isa = PBXFileReference; lastKnownFileType = text; path = Annotations.kt; sourceTree = "<group>"; };
		632E01FD22A864C00005177D /* Lock.kt */ = {isa = PBXFileReference; lastKnownFileType = text; path = Lock.kt; sourceTree = "<group>"; };
		632E01FE22A864C00005177D /* ThreadRef.kt */ = {isa = PBXFileReference; lastKnownFileType = text; path = ThreadRef.kt; sourceTree = "<group>"; };
		632E01FF22A864C00005177D /* ThreadLocalJVM.kt */ = {isa = PBXFileReference; lastKnownFileType = text; path = ThreadLocalJVM.kt; sourceTree = "<group>"; };
		632E020022A864C00005177D /* AtomicLong.kt */ = {isa = PBXFileReference; lastKnownFileType = text; path = AtomicLong.kt; sourceTree = "<group>"; };
		632E020122A864C00005177D /* AtomicInt.kt */ = {isa = PBXFileReference; lastKnownFileType = text; path = AtomicInt.kt; sourceTree = "<group>"; };
		632E020222A864C00005177D /* AtomicReference.kt */ = {isa = PBXFileReference; lastKnownFileType = text; path = AtomicReference.kt; sourceTree = "<group>"; };
		632E020422A864C00005177D /* FunctionsJVM.kt */ = {isa = PBXFileReference; lastKnownFileType = text; path = FunctionsJVM.kt; sourceTree = "<group>"; };
		632E020B22A864C00005177D /* Functions.kt */ = {isa = PBXFileReference; lastKnownFileType = text; path = Functions.kt; sourceTree = "<group>"; };
		632E021222A864C00005177D /* Annotations.kt */ = {isa = PBXFileReference; lastKnownFileType = text; path = Annotations.kt; sourceTree = "<group>"; };
		632E021422A864C00005177D /* ThreadRef.kt */ = {isa = PBXFileReference; lastKnownFileType = text; path = ThreadRef.kt; sourceTree = "<group>"; };
		632E021522A864C00005177D /* ReentrantLock.kt */ = {isa = PBXFileReference; lastKnownFileType = text; path = ReentrantLock.kt; sourceTree = "<group>"; };
		632E021622A864C00005177D /* AtomicLong.kt */ = {isa = PBXFileReference; lastKnownFileType = text; path = AtomicLong.kt; sourceTree = "<group>"; };
		632E021722A864C00005177D /* ThreadLocal.kt */ = {isa = PBXFileReference; lastKnownFileType = text; path = ThreadLocal.kt; sourceTree = "<group>"; };
		632E021822A864C00005177D /* AtomicInt.kt */ = {isa = PBXFileReference; lastKnownFileType = text; path = AtomicInt.kt; sourceTree = "<group>"; };
		632E021922A864C00005177D /* AtomicReference.kt */ = {isa = PBXFileReference; lastKnownFileType = text; path = AtomicReference.kt; sourceTree = "<group>"; };
		632E021A22A864C00005177D /* HelpersJS.kt */ = {isa = PBXFileReference; lastKnownFileType = text; path = HelpersJS.kt; sourceTree = "<group>"; };
		632E021C22A864C00005177D /* CopyOnWriteList.kt */ = {isa = PBXFileReference; lastKnownFileType = text; path = CopyOnWriteList.kt; sourceTree = "<group>"; };
		632E021D22A864C00005177D /* Functions.kt */ = {isa = PBXFileReference; lastKnownFileType = text; path = Functions.kt; sourceTree = "<group>"; };
		632E022422A864C00005177D /* MutableCollectionTest.kt */ = {isa = PBXFileReference; lastKnownFileType = text; path = MutableCollectionTest.kt; sourceTree = "<group>"; };
		632E022522A864C00005177D /* WorkerStorage.kt */ = {isa = PBXFileReference; lastKnownFileType = text; path = WorkerStorage.kt; sourceTree = "<group>"; };
		632E022622A864C00005177D /* FastMapTest.kt */ = {isa = PBXFileReference; lastKnownFileType = text; path = FastMapTest.kt; sourceTree = "<group>"; };
		632E022722A864C00005177D /* Functions.kt */ = {isa = PBXFileReference; lastKnownFileType = text; path = Functions.kt; sourceTree = "<group>"; };
		632E022822A864C00005177D /* FastListTest2.kt */ = {isa = PBXFileReference; lastKnownFileType = text; path = FastListTest2.kt; sourceTree = "<group>"; };
		632E022922A864C00005177D /* FastListTest.kt */ = {isa = PBXFileReference; lastKnownFileType = text; path = FastListTest.kt; sourceTree = "<group>"; };
/* End PBXFileReference section */

/* Begin PBXGroup section */
		632E018D22A861CF0005177D = {
			isa = PBXGroup;
			children = (
				632E019422A864BF0005177D /* src */,
			);
			sourceTree = "<group>";
		};
		632E019422A864BF0005177D /* src */ = {
			isa = PBXGroup;
			children = (
				632E019522A864BF0005177D /* jsTest */,
				632E019E22A864BF0005177D /* appleMain */,
				632E01A522A864BF0005177D /* otherNativeMain */,
				632E01AC22A864BF0005177D /* jvmTest */,
				632E01B322A864BF0005177D /* commonMain */,
				632E01CA22A864BF0005177D /* nativeCommonMain */,
				632E01DF22A864C00005177D /* commonTest */,
				632E01F422A864C00005177D /* jvmMain */,
				632E020522A864C00005177D /* mingwTest */,
				632E020C22A864C00005177D /* jsMain */,
				632E021E22A864C00005177D /* appleTest */,
			);
			name = src;
			path = ../stately/src;
			sourceTree = "<group>";
		};
		632E019522A864BF0005177D /* jsTest */ = {
			isa = PBXGroup;
			children = (
				632E019622A864BF0005177D /* kotlin */,
			);
			path = jsTest;
			sourceTree = "<group>";
		};
		632E019622A864BF0005177D /* kotlin */ = {
			isa = PBXGroup;
			children = (
				632E019722A864BF0005177D /* co */,
			);
			path = kotlin;
			sourceTree = "<group>";
		};
		632E019722A864BF0005177D /* co */ = {
			isa = PBXGroup;
			children = (
				632E019822A864BF0005177D /* touchlab */,
			);
			path = co;
			sourceTree = "<group>";
		};
		632E019822A864BF0005177D /* touchlab */ = {
			isa = PBXGroup;
			children = (
				632E019922A864BF0005177D /* stately */,
			);
			path = touchlab;
			sourceTree = "<group>";
		};
		632E019922A864BF0005177D /* stately */ = {
			isa = PBXGroup;
			children = (
				632E019A22A864BF0005177D /* Random.kt */,
				632E019B22A864BF0005177D /* collections */,
			);
			path = stately;
			sourceTree = "<group>";
		};
		632E019B22A864BF0005177D /* collections */ = {
			isa = PBXGroup;
			children = (
				632E019C22A864BF0005177D /* MPWorker.kt */,
				632E019D22A864BF0005177D /* currentTimeMillis.kt */,
			);
			path = collections;
			sourceTree = "<group>";
		};
		632E019E22A864BF0005177D /* appleMain */ = {
			isa = PBXGroup;
			children = (
				632E019F22A864BF0005177D /* kotlin */,
			);
			path = appleMain;
			sourceTree = "<group>";
		};
		632E019F22A864BF0005177D /* kotlin */ = {
			isa = PBXGroup;
			children = (
				632E01A022A864BF0005177D /* co */,
			);
			path = kotlin;
			sourceTree = "<group>";
		};
		632E01A022A864BF0005177D /* co */ = {
			isa = PBXGroup;
			children = (
				632E01A122A864BF0005177D /* touchlab */,
			);
			path = co;
			sourceTree = "<group>";
		};
		632E01A122A864BF0005177D /* touchlab */ = {
			isa = PBXGroup;
			children = (
				632E01A222A864BF0005177D /* stately */,
			);
			path = touchlab;
			sourceTree = "<group>";
		};
		632E01A222A864BF0005177D /* stately */ = {
			isa = PBXGroup;
			children = (
				632E01A322A864BF0005177D /* concurrency */,
			);
			path = stately;
			sourceTree = "<group>";
		};
		632E01A322A864BF0005177D /* concurrency */ = {
			isa = PBXGroup;
			children = (
				632E01A422A864BF0005177D /* Lock.kt */,
			);
			path = concurrency;
			sourceTree = "<group>";
		};
		632E01A522A864BF0005177D /* otherNativeMain */ = {
			isa = PBXGroup;
			children = (
				632E01A622A864BF0005177D /* kotlin */,
			);
			path = otherNativeMain;
			sourceTree = "<group>";
		};
		632E01A622A864BF0005177D /* kotlin */ = {
			isa = PBXGroup;
			children = (
				632E01A722A864BF0005177D /* co */,
			);
			path = kotlin;
			sourceTree = "<group>";
		};
		632E01A722A864BF0005177D /* co */ = {
			isa = PBXGroup;
			children = (
				632E01A822A864BF0005177D /* touchlab */,
			);
			path = co;
			sourceTree = "<group>";
		};
		632E01A822A864BF0005177D /* touchlab */ = {
			isa = PBXGroup;
			children = (
				632E01A922A864BF0005177D /* stately */,
			);
			path = touchlab;
			sourceTree = "<group>";
		};
		632E01A922A864BF0005177D /* stately */ = {
			isa = PBXGroup;
			children = (
				632E01AA22A864BF0005177D /* concurrency */,
			);
			path = stately;
			sourceTree = "<group>";
		};
		632E01AA22A864BF0005177D /* concurrency */ = {
			isa = PBXGroup;
			children = (
				632E01AB22A864BF0005177D /* Lock.kt */,
			);
			path = concurrency;
			sourceTree = "<group>";
		};
		632E01AC22A864BF0005177D /* jvmTest */ = {
			isa = PBXGroup;
			children = (
				632E01AD22A864BF0005177D /* kotlin */,
			);
			path = jvmTest;
			sourceTree = "<group>";
		};
		632E01AD22A864BF0005177D /* kotlin */ = {
			isa = PBXGroup;
			children = (
				632E01AE22A864BF0005177D /* co */,
			);
			path = kotlin;
			sourceTree = "<group>";
		};
		632E01AE22A864BF0005177D /* co */ = {
			isa = PBXGroup;
			children = (
				632E01AF22A864BF0005177D /* touchlab */,
			);
			path = co;
			sourceTree = "<group>";
		};
		632E01AF22A864BF0005177D /* touchlab */ = {
			isa = PBXGroup;
			children = (
				632E01B022A864BF0005177D /* stately */,
			);
			path = touchlab;
			sourceTree = "<group>";
		};
		632E01B022A864BF0005177D /* stately */ = {
			isa = PBXGroup;
			children = (
				632E01B122A864BF0005177D /* platform */,
			);
			path = stately;
			sourceTree = "<group>";
		};
		632E01B122A864BF0005177D /* platform */ = {
			isa = PBXGroup;
			children = (
				632E01B222A864BF0005177D /* sleep.kt */,
			);
			path = platform;
			sourceTree = "<group>";
		};
		632E01B322A864BF0005177D /* commonMain */ = {
			isa = PBXGroup;
			children = (
				632E01B422A864BF0005177D /* kotlin */,
			);
			path = commonMain;
			sourceTree = "<group>";
		};
		632E01B422A864BF0005177D /* kotlin */ = {
			isa = PBXGroup;
			children = (
				632E01B522A864BF0005177D /* co */,
			);
			path = kotlin;
			sourceTree = "<group>";
		};
		632E01B522A864BF0005177D /* co */ = {
			isa = PBXGroup;
			children = (
				632E01B622A864BF0005177D /* touchlab */,
			);
			path = co;
			sourceTree = "<group>";
		};
		632E01B622A864BF0005177D /* touchlab */ = {
			isa = PBXGroup;
			children = (
				632E01B722A864BF0005177D /* stately */,
			);
			path = touchlab;
			sourceTree = "<group>";
		};
		632E01B722A864BF0005177D /* stately */ = {
			isa = PBXGroup;
			children = (
				632E01B822A864BF0005177D /* Helpers.kt */,
				632E01B922A864BF0005177D /* annotation */,
				632E01BB22A864BF0005177D /* concurrency */,
				632E01C322A864BF0005177D /* collections */,
			);
			path = stately;
			sourceTree = "<group>";
		};
		632E01B922A864BF0005177D /* annotation */ = {
			isa = PBXGroup;
			children = (
				632E01BA22A864BF0005177D /* Annotations.kt */,
			);
			path = annotation;
			sourceTree = "<group>";
		};
		632E01BB22A864BF0005177D /* concurrency */ = {
			isa = PBXGroup;
			children = (
				632E01BC22A864BF0005177D /* Lock.kt */,
				632E01BD22A864BF0005177D /* ThreadRef.kt */,
				632E01BE22A864BF0005177D /* AtomicLong.kt */,
				632E01BF22A864BF0005177D /* ThreadLocal.kt */,
				632E01C022A864BF0005177D /* AtomicInt.kt */,
				632E01C122A864BF0005177D /* AtomicReference.kt */,
				632E01C222A864BF0005177D /* AtomicBoolean.kt */,
			);
			path = concurrency;
			sourceTree = "<group>";
		};
		632E01C322A864BF0005177D /* collections */ = {
			isa = PBXGroup;
			children = (
				632E01C422A864BF0005177D /* ObjectPool.kt */,
				632E01C522A864BF0005177D /* SharedLruCache.kt */,
				632E01C622A864BF0005177D /* SharedLinkedList.kt */,
				632E01C722A864BF0005177D /* SharedSet.kt */,
				632E01C822A864BF0005177D /* Functions.kt */,
				632E01C922A864BF0005177D /* SharedHashMap.kt */,
			);
			path = collections;
			sourceTree = "<group>";
		};
		632E01CA22A864BF0005177D /* nativeCommonMain */ = {
			isa = PBXGroup;
			children = (
				632E01CB22A864BF0005177D /* kotlin */,
			);
			path = nativeCommonMain;
			sourceTree = "<group>";
		};
		632E01CB22A864BF0005177D /* kotlin */ = {
			isa = PBXGroup;
			children = (
				632E01CC22A864BF0005177D /* co */,
			);
			path = kotlin;
			sourceTree = "<group>";
		};
		632E01CC22A864BF0005177D /* co */ = {
			isa = PBXGroup;
			children = (
				632E01CD22A864BF0005177D /* touchlab */,
			);
			path = co;
			sourceTree = "<group>";
		};
		632E01CD22A864BF0005177D /* touchlab */ = {
			isa = PBXGroup;
			children = (
				632E01CE22A864BF0005177D /* stately */,
			);
			path = touchlab;
			sourceTree = "<group>";
		};
		632E01CE22A864BF0005177D /* stately */ = {
			isa = PBXGroup;
			children = (
				632E01CF22A864BF0005177D /* Helpers.kt */,
				632E01D022A864BF0005177D /* annotation */,
				632E01D222A864BF0005177D /* concurrency */,
				632E01D922A864BF0005177D /* collections */,
			);
			path = stately;
			sourceTree = "<group>";
		};
		632E01D022A864BF0005177D /* annotation */ = {
			isa = PBXGroup;
			children = (
				632E01D122A864BF0005177D /* Annotations.kt */,
			);
			path = annotation;
			sourceTree = "<group>";
		};
		632E01D222A864BF0005177D /* concurrency */ = {
			isa = PBXGroup;
			children = (
				632E01D322A864BF0005177D /* QuickLock.kt */,
				632E01D422A864BF0005177D /* ThreadRef.kt */,
				632E01D522A864BF0005177D /* AtomicLong.kt */,
				632E01D622A864BF0005177D /* ThreadLocal.kt */,
				632E01D722A864BF0005177D /* AtomicInt.kt */,
				632E01D822A864BF0005177D /* AtomicReference.kt */,
			);
			path = concurrency;
			sourceTree = "<group>";
		};
		632E01D922A864BF0005177D /* collections */ = {
			isa = PBXGroup;
			children = (
				632E01DA22A864BF0005177D /* FastNativeLinkedList.kt */,
				632E01DB22A864BF0005177D /* FastNativeHashMap.kt */,
				632E01DC22A864BF0005177D /* CopyOnWriteList.kt */,
				632E01DD22A864BF0005177D /* Functions.kt */,
				632E01DE22A864C00005177D /* CppInterface.kt */,
			);
			path = collections;
			sourceTree = "<group>";
		};
		632E01DF22A864C00005177D /* commonTest */ = {
			isa = PBXGroup;
			children = (
				632E01E022A864C00005177D /* kotlin */,
			);
			path = commonTest;
			sourceTree = "<group>";
		};
		632E01E022A864C00005177D /* kotlin */ = {
			isa = PBXGroup;
			children = (
				632E01E122A864C00005177D /* co */,
			);
			path = kotlin;
			sourceTree = "<group>";
		};
		632E01E122A864C00005177D /* co */ = {
			isa = PBXGroup;
			children = (
				632E01E222A864C00005177D /* touchlab */,
			);
			path = co;
			sourceTree = "<group>";
		};
		632E01E222A864C00005177D /* touchlab */ = {
			isa = PBXGroup;
			children = (
				632E01E322A864C00005177D /* stately */,
			);
			path = touchlab;
			sourceTree = "<group>";
		};
		632E01E322A864C00005177D /* stately */ = {
			isa = PBXGroup;
			children = (
				632E01E422A864C00005177D /* platform */,
				632E01E622A864C00005177D /* annotation */,
				632E01E822A864C00005177D /* concurrency */,
				632E01EC22A864C00005177D /* collections */,
				632E01F322A864C00005177D /* HelpersTest.kt */,
			);
			path = stately;
			sourceTree = "<group>";
		};
		632E01E422A864C00005177D /* platform */ = {
			isa = PBXGroup;
			children = (
				632E01E522A864C00005177D /* Functions.kt */,
			);
			path = platform;
			sourceTree = "<group>";
		};
		632E01E622A864C00005177D /* annotation */ = {
			isa = PBXGroup;
			children = (
				632E01E722A864C00005177D /* AnnotationsTest.kt */,
			);
			path = annotation;
			sourceTree = "<group>";
		};
		632E01E822A864C00005177D /* concurrency */ = {
			isa = PBXGroup;
			children = (
				632E01E922A864C00005177D /* Atomics.kt */,
				632E01EA22A864C00005177D /* ThreadRefTest.kt */,
				632E01EB22A864C00005177D /* Locks.kt */,
			);
			path = concurrency;
			sourceTree = "<group>";
		};
		632E01EC22A864C00005177D /* collections */ = {
			isa = PBXGroup;
			children = (
				632E01ED22A864C00005177D /* SharedHashMapTest.kt */,
				632E01EE22A864C00005177D /* ObjectPoolTest.kt */,
				632E01EF22A864C00005177D /* SharedLruCacheTest.kt */,
				632E01F022A864C00005177D /* SharedSetTest.kt */,
				632E01F122A864C00005177D /* StableReadListTest.kt */,
				632E01F222A864C00005177D /* SharedLinkedListTest.kt */,
			);
			path = collections;
			sourceTree = "<group>";
		};
		632E01F422A864C00005177D /* jvmMain */ = {
			isa = PBXGroup;
			children = (
				632E01F522A864C00005177D /* kotlin */,
			);
			path = jvmMain;
			sourceTree = "<group>";
		};
		632E01F522A864C00005177D /* kotlin */ = {
			isa = PBXGroup;
			children = (
				632E01F622A864C00005177D /* co */,
			);
			path = kotlin;
			sourceTree = "<group>";
		};
		632E01F622A864C00005177D /* co */ = {
			isa = PBXGroup;
			children = (
				632E01F722A864C00005177D /* touchlab */,
			);
			path = co;
			sourceTree = "<group>";
		};
		632E01F722A864C00005177D /* touchlab */ = {
			isa = PBXGroup;
			children = (
				632E01F822A864C00005177D /* stately */,
			);
			path = touchlab;
			sourceTree = "<group>";
		};
		632E01F822A864C00005177D /* stately */ = {
			isa = PBXGroup;
			children = (
				632E01F922A864C00005177D /* HelpersJVM.kt */,
				632E01FA22A864C00005177D /* annotation */,
				632E01FC22A864C00005177D /* concurrency */,
				632E020322A864C00005177D /* collections */,
			);
			path = stately;
			sourceTree = "<group>";
		};
		632E01FA22A864C00005177D /* annotation */ = {
			isa = PBXGroup;
			children = (
				632E01FB22A864C00005177D /* Annotations.kt */,
			);
			path = annotation;
			sourceTree = "<group>";
		};
		632E01FC22A864C00005177D /* concurrency */ = {
			isa = PBXGroup;
			children = (
				632E01FD22A864C00005177D /* Lock.kt */,
				632E01FE22A864C00005177D /* ThreadRef.kt */,
				632E01FF22A864C00005177D /* ThreadLocalJVM.kt */,
				632E020022A864C00005177D /* AtomicLong.kt */,
				632E020122A864C00005177D /* AtomicInt.kt */,
				632E020222A864C00005177D /* AtomicReference.kt */,
			);
			path = concurrency;
			sourceTree = "<group>";
		};
		632E020322A864C00005177D /* collections */ = {
			isa = PBXGroup;
			children = (
				632E020422A864C00005177D /* FunctionsJVM.kt */,
			);
			path = collections;
			sourceTree = "<group>";
		};
		632E020522A864C00005177D /* mingwTest */ = {
			isa = PBXGroup;
			children = (
				632E020622A864C00005177D /* kotlin */,
			);
			path = mingwTest;
			sourceTree = "<group>";
		};
		632E020622A864C00005177D /* kotlin */ = {
			isa = PBXGroup;
			children = (
				632E020722A864C00005177D /* co */,
			);
			path = kotlin;
			sourceTree = "<group>";
		};
		632E020722A864C00005177D /* co */ = {
			isa = PBXGroup;
			children = (
				632E020822A864C00005177D /* touchlab */,
			);
			path = co;
			sourceTree = "<group>";
		};
		632E020822A864C00005177D /* touchlab */ = {
			isa = PBXGroup;
			children = (
				632E020922A864C00005177D /* stately */,
			);
			path = touchlab;
			sourceTree = "<group>";
		};
		632E020922A864C00005177D /* stately */ = {
			isa = PBXGroup;
			children = (
				632E020A22A864C00005177D /* platform */,
			);
			path = stately;
			sourceTree = "<group>";
		};
		632E020A22A864C00005177D /* platform */ = {
			isa = PBXGroup;
			children = (
				632E020B22A864C00005177D /* Functions.kt */,
			);
			path = platform;
			sourceTree = "<group>";
		};
		632E020C22A864C00005177D /* jsMain */ = {
			isa = PBXGroup;
			children = (
				632E020D22A864C00005177D /* kotlin */,
			);
			path = jsMain;
			sourceTree = "<group>";
		};
		632E020D22A864C00005177D /* kotlin */ = {
			isa = PBXGroup;
			children = (
				632E020E22A864C00005177D /* co */,
			);
			path = kotlin;
			sourceTree = "<group>";
		};
		632E020E22A864C00005177D /* co */ = {
			isa = PBXGroup;
			children = (
				632E020F22A864C00005177D /* touchlab */,
			);
			path = co;
			sourceTree = "<group>";
		};
		632E020F22A864C00005177D /* touchlab */ = {
			isa = PBXGroup;
			children = (
				632E021022A864C00005177D /* stately */,
			);
			path = touchlab;
			sourceTree = "<group>";
		};
		632E021022A864C00005177D /* stately */ = {
			isa = PBXGroup;
			children = (
				632E021122A864C00005177D /* annotation */,
				632E021322A864C00005177D /* concurrency */,
				632E021A22A864C00005177D /* HelpersJS.kt */,
				632E021B22A864C00005177D /* collections */,
			);
			path = stately;
			sourceTree = "<group>";
		};
		632E021122A864C00005177D /* annotation */ = {
			isa = PBXGroup;
			children = (
				632E021222A864C00005177D /* Annotations.kt */,
			);
			path = annotation;
			sourceTree = "<group>";
		};
		632E021322A864C00005177D /* concurrency */ = {
			isa = PBXGroup;
			children = (
				632E021422A864C00005177D /* ThreadRef.kt */,
				632E021522A864C00005177D /* ReentrantLock.kt */,
				632E021622A864C00005177D /* AtomicLong.kt */,
				632E021722A864C00005177D /* ThreadLocal.kt */,
				632E021822A864C00005177D /* AtomicInt.kt */,
				632E021922A864C00005177D /* AtomicReference.kt */,
			);
			path = concurrency;
			sourceTree = "<group>";
		};
		632E021B22A864C00005177D /* collections */ = {
			isa = PBXGroup;
			children = (
				632E021C22A864C00005177D /* CopyOnWriteList.kt */,
				632E021D22A864C00005177D /* Functions.kt */,
			);
			path = collections;
			sourceTree = "<group>";
		};
		632E021E22A864C00005177D /* appleTest */ = {
			isa = PBXGroup;
			children = (
				632E021F22A864C00005177D /* kotlin */,
			);
			path = appleTest;
			sourceTree = "<group>";
		};
		632E021F22A864C00005177D /* kotlin */ = {
			isa = PBXGroup;
			children = (
				632E022022A864C00005177D /* co */,
			);
			path = kotlin;
			sourceTree = "<group>";
		};
		632E022022A864C00005177D /* co */ = {
			isa = PBXGroup;
			children = (
				632E022122A864C00005177D /* touchlab */,
			);
			path = co;
			sourceTree = "<group>";
		};
		632E022122A864C00005177D /* touchlab */ = {
			isa = PBXGroup;
			children = (
				632E022222A864C00005177D /* stately */,
			);
			path = touchlab;
			sourceTree = "<group>";
		};
		632E022222A864C00005177D /* stately */ = {
			isa = PBXGroup;
			children = (
				632E022322A864C00005177D /* platform */,
			);
			path = stately;
			sourceTree = "<group>";
		};
		632E022322A864C00005177D /* platform */ = {
			isa = PBXGroup;
			children = (
				632E022422A864C00005177D /* MutableCollectionTest.kt */,
				632E022522A864C00005177D /* WorkerStorage.kt */,
				632E022622A864C00005177D /* FastMapTest.kt */,
				632E022722A864C00005177D /* Functions.kt */,
				632E022822A864C00005177D /* FastListTest2.kt */,
				632E022922A864C00005177D /* FastListTest.kt */,
			);
			path = platform;
			sourceTree = "<group>";
		};
/* End PBXGroup section */

/* Begin PBXProject section */
		632E018E22A861CF0005177D /* Project object */ = {
			isa = PBXProject;
			attributes = {
				LastUpgradeCheck = 1020;
			};
			buildConfigurationList = 632E019122A861CF0005177D /* Build configuration list for PBXProject "DebugTests" */;
			compatibilityVersion = "Xcode 9.3";
			developmentRegion = en;
			hasScannedForEncodings = 0;
			knownRegions = (
				en,
			);
			mainGroup = 632E018D22A861CF0005177D;
			projectDirPath = "";
			projectRoot = "";
			targets = (
			);
		};
/* End PBXProject section */

/* Begin XCBuildConfiguration section */
		632E019222A861CF0005177D /* Debug */ = {
			isa = XCBuildConfiguration;
			buildSettings = {
			};
			name = Debug;
		};
		632E019322A861CF0005177D /* Release */ = {
			isa = XCBuildConfiguration;
			buildSettings = {
			};
			name = Release;
		};
/* End XCBuildConfiguration section */

/* Begin XCConfigurationList section */
		632E019122A861CF0005177D /* Build configuration list for PBXProject "DebugTests" */ = {
			isa = XCConfigurationList;
			buildConfigurations = (
				632E019222A861CF0005177D /* Debug */,
				632E019322A861CF0005177D /* Release */,
			);
			defaultConfigurationIsVisible = 0;
			defaultConfigurationName = Release;
		};
/* End XCConfigurationList section */
	};
	rootObject = 632E018E22A861CF0005177D /* Project object */;
}
